
Microsoft Visual Studio Solution File, Format Version 12.00
# Visual Studio Version 17
VisualStudioVersion = 17.0.32014.148
MinimumVisualStudioVersion = 10.0.40219.1
Project("{FAE04EC0-301F-11D3-BF4B-00C04F79EFBC}") = "DataLayer", "DataLayer\DataLayer.csproj", "{20607604-A7AA-441A-9331-85A037DBEC34}"
EndProject
Project("{FAE04EC0-301F-11D3-BF4B-00C04F79EFBC}") = "FunctionApp", "FunctionApp\FunctionApp.csproj", "{1DF856F1-911E-4C01-877B-D61CC003E21B}"
EndProject
Global
	GlobalSection(SolutionConfigurationPlatforms) = preSolution
		Debug|Any CPU = Debug|Any CPU
		Release|Any CPU = Release|Any CPU
	EndGlobalSection
	GlobalSection(ProjectConfigurationPlatforms) = postSolution
		{20607604-A7AA-441A-9331-85A037DBEC34}.Debug|Any CPU.ActiveCfg = Debug|Any CPU
		{20607604-A7AA-441A-9331-85A037DBEC34}.Debug|Any CPU.Build.0 = Debug|Any CPU
		{20607604-A7AA-441A-9331-85A037DBEC34}.Release|Any CPU.ActiveCfg = Release|Any CPU
		{20607604-A7AA-441A-9331-85A037DBEC34}.Release|Any CPU.Build.0 = Release|Any CPU
		{1DF856F1-911E-4C01-877B-D61CC003E21B}.Debug|Any CPU.ActiveCfg = Debug|Any CPU
		{1DF856F1-911E-4C01-877B-D61CC003E21B}.Debug|Any CPU.Build.0 = Debug|Any CPU
		{1DF856F1-911E-4C01-877B-D61CC003E21B}.Release|Any CPU.ActiveCfg = Release|Any CPU
		{1DF856F1-911E-4C01-877B-D61CC003E21B}.Release|Any CPU.Build.0 = Release|Any CPU
	EndGlobalSection
	GlobalSection(SolutionProperties) = preSolution
		HideSolutionNode = FALSE
	EndGlobalSection
	GlobalSection(ExtensibilityGlobals) = postSolution
		SolutionGuid = {0D52CF7A-655A-4C24-A108-4BAB4DB3065E}
	EndGlobalSection
EndGlobal
